
Microsoft Visual Studio Solution File, Format Version 12.00
# Visual Studio Version 17
VisualStudioVersion = 17.5.33627.172
MinimumVisualStudioVersion = 10.0.40219.1
Project("{FAE04EC0-301F-11D3-BF4B-00C04F79EFBC}") = "calculater", "calculater\calculater.csproj", "{27511CD8-33E6-4896-97F9-8266C4ACFD8B}"
EndProject
Global
	GlobalSection(SolutionConfigurationPlatforms) = preSolution
		Debug|Any CPU = Debug|Any CPU
		Release|Any CPU = Release|Any CPU
	EndGlobalSection
	GlobalSection(ProjectConfigurationPlatforms) = postSolution
		{27511CD8-33E6-4896-97F9-8266C4ACFD8B}.Debug|Any CPU.ActiveCfg = Debug|Any CPU
		{27511CD8-33E6-4896-97F9-8266C4ACFD8B}.Debug|Any CPU.Build.0 = Debug|Any CPU
		{27511CD8-33E6-4896-97F9-8266C4ACFD8B}.Release|Any CPU.ActiveCfg = Release|Any CPU
		{27511CD8-33E6-4896-97F9-8266C4ACFD8B}.Release|Any CPU.Build.0 = Release|Any CPU
	EndGlobalSection
	GlobalSection(SolutionProperties) = preSolution
		HideSolutionNode = FALSE
	EndGlobalSection
	GlobalSection(ExtensibilityGlobals) = postSolution
		SolutionGuid = {BA688B3D-D043-4467-A754-5BA2F7BEC43E}
	EndGlobalSection
EndGlobal
